{
	"name": "youslam",
	"version": "1.2.3",
	"lockfileVersion": 1,
	"requires": true,
	"dependencies": {
		"@std/esm": {
			"version": "0.21.7",
			"resolved": "https://registry.npmjs.org/@std/esm/-/esm-0.21.7.tgz",
			"integrity": "sha512-GbuVyWFeh+HYCX0cgvKoY0jWN3t8s11+i2mvBtXswl2WDNNaHpF6JwbZQxdf3cfRRO4E7bS9FeZ2Y+HB1WwFPg==",
			"dev": true
		}
	}
}
